
Microsoft Visual Studio Solution File, Format Version 12.00
# Visual Studio Version 16
VisualStudioVersion = 16.0.31005.135
MinimumVisualStudioVersion = 10.0.40219.1
Project("{FAE04EC0-301F-11D3-BF4B-00C04F79EFBC}") = "FirstLoginApp.UWP", "FirstLoginApp\FirstLoginApp.UWP\FirstLoginApp.UWP.csproj", "{9404C08C-FDBE-4CEC-B615-AEF83093A2AE}"
EndProject
Project("{FAE04EC0-301F-11D3-BF4B-00C04F79EFBC}") = "FirstLoginApp.Android", "FirstLoginApp\FirstLoginApp.Android\FirstLoginApp.Android.csproj", "{4F646EB8-D5D8-4032-AA09-C9DD9359F8E3}"
EndProject
Project("{FAE04EC0-301F-11D3-BF4B-00C04F79EFBC}") = "FirstLoginApp.iOS", "FirstLoginApp\FirstLoginApp.iOS\FirstLoginApp.iOS.csproj", "{BC083F39-02BB-4D3C-8275-609D326A48E2}"
EndProject
Project("{FAE04EC0-301F-11D3-BF4B-00C04F79EFBC}") = "FirstLoginApp", "FirstLoginApp\FirstLoginApp\FirstLoginApp.csproj", "{10EAF02F-B254-4E5A-AEB1-190E2CD9922A}"
EndProject
Global
	GlobalSection(SolutionConfigurationPlatforms) = preSolution
		Debug|Any CPU = Debug|Any CPU
		Debug|ARM = Debug|ARM
		Debug|iPhone = Debug|iPhone
		Debug|iPhoneSimulator = Debug|iPhoneSimulator
		Debug|x64 = Debug|x64
		Debug|x86 = Debug|x86
		Release|Any CPU = Release|Any CPU
		Release|ARM = Release|ARM
		Release|iPhone = Release|iPhone
		Release|iPhoneSimulator = Release|iPhoneSimulator
		Release|x64 = Release|x64
		Release|x86 = Release|x86
	EndGlobalSection
	GlobalSection(ProjectConfigurationPlatforms) = postSolution
		{9404C08C-FDBE-4CEC-B615-AEF83093A2AE}.Debug|Any CPU.ActiveCfg = Debug|x86
		{9404C08C-FDBE-4CEC-B615-AEF83093A2AE}.Debug|Any CPU.Build.0 = Debug|x86
		{9404C08C-FDBE-4CEC-B615-AEF83093A2AE}.Debug|Any CPU.Deploy.0 = Debug|x86
		{9404C08C-FDBE-4CEC-B615-AEF83093A2AE}.Debug|ARM.ActiveCfg = Debug|ARM
		{9404C08C-FDBE-4CEC-B615-AEF83093A2AE}.Debug|ARM.Build.0 = Debug|ARM
		{9404C08C-FDBE-4CEC-B615-AEF83093A2AE}.Debug|ARM.Deploy.0 = Debug|ARM
		{9404C08C-FDBE-4CEC-B615-AEF83093A2AE}.Debug|iPhone.ActiveCfg = Debug|x86
		{9404C08C-FDBE-4CEC-B615-AEF83093A2AE}.Debug|iPhone.Build.0 = Debug|x86
		{9404C08C-FDBE-4CEC-B615-AEF83093A2AE}.Debug|iPhone.Deploy.0 = Debug|x86
		{9404C08C-FDBE-4CEC-B615-AEF83093A2AE}.Debug|iPhoneSimulator.ActiveCfg = Debug|x86
		{9404C08C-FDBE-4CEC-B615-AEF83093A2AE}.Debug|iPhoneSimulator.Build.0 = Debug|x86
		{9404C08C-FDBE-4CEC-B615-AEF83093A2AE}.Debug|iPhoneSimulator.Deploy.0 = Debug|x86
		{9404C08C-FDBE-4CEC-B615-AEF83093A2AE}.Debug|x64.ActiveCfg = Debug|x64
		{9404C08C-FDBE-4CEC-B615-AEF83093A2AE}.Debug|x64.Build.0 = Debug|x64
		{9404C08C-FDBE-4CEC-B615-AEF83093A2AE}.Debug|x64.Deploy.0 = Debug|x64
		{9404C08C-FDBE-4CEC-B615-AEF83093A2AE}.Debug|x86.ActiveCfg = Debug|x86
		{9404C08C-FDBE-4CEC-B615-AEF83093A2AE}.Debug|x86.Build.0 = Debug|x86
		{9404C08C-FDBE-4CEC-B615-AEF83093A2AE}.Debug|x86.Deploy.0 = Debug|x86
		{9404C08C-FDBE-4CEC-B615-AEF83093A2AE}.Release|Any CPU.ActiveCfg = Release|x86
		{9404C08C-FDBE-4CEC-B615-AEF83093A2AE}.Release|Any CPU.Build.0 = Release|x86
		{9404C08C-FDBE-4CEC-B615-AEF83093A2AE}.Release|Any CPU.Deploy.0 = Release|x86
		{9404C08C-FDBE-4CEC-B615-AEF83093A2AE}.Release|ARM.ActiveCfg = Release|ARM
		{9404C08C-FDBE-4CEC-B615-AEF83093A2AE}.Release|ARM.Build.0 = Release|ARM
		{9404C08C-FDBE-4CEC-B615-AEF83093A2AE}.Release|ARM.Deploy.0 = Release|ARM
		{9404C08C-FDBE-4CEC-B615-AEF83093A2AE}.Release|iPhone.ActiveCfg = Release|x86
		{9404C08C-FDBE-4CEC-B615-AEF83093A2AE}.Release|iPhone.Build.0 = Release|x86
		{9404C08C-FDBE-4CEC-B615-AEF83093A2AE}.Release|iPhone.Deploy.0 = Release|x86
		{9404C08C-FDBE-4CEC-B615-AEF83093A2AE}.Release|iPhoneSimulator.ActiveCfg = Release|x86
		{9404C08C-FDBE-4CEC-B615-AEF83093A2AE}.Release|iPhoneSimulator.Build.0 = Release|x86
		{9404C08C-FDBE-4CEC-B615-AEF83093A2AE}.Release|iPhoneSimulator.Deploy.0 = Release|x86
		{9404C08C-FDBE-4CEC-B615-AEF83093A2AE}.Release|x64.ActiveCfg = Release|x64
		{9404C08C-FDBE-4CEC-B615-AEF83093A2AE}.Release|x64.Build.0 = Release|x64
		{9404C08C-FDBE-4CEC-B615-AEF83093A2AE}.Release|x64.Deploy.0 = Release|x64
		{9404C08C-FDBE-4CEC-B615-AEF83093A2AE}.Release|x86.ActiveCfg = Release|x86
		{9404C08C-FDBE-4CEC-B615-AEF83093A2AE}.Release|x86.Build.0 = Release|x86
		{9404C08C-FDBE-4CEC-B615-AEF83093A2AE}.Release|x86.Deploy.0 = Release|x86
		{4F646EB8-D5D8-4032-AA09-C9DD9359F8E3}.Debug|Any CPU.ActiveCfg = Debug|Any CPU
		{4F646EB8-D5D8-4032-AA09-C9DD9359F8E3}.Debug|Any CPU.Build.0 = Debug|Any CPU
		{4F646EB8-D5D8-4032-AA09-C9DD9359F8E3}.Debug|Any CPU.Deploy.0 = Debug|Any CPU
		{4F646EB8-D5D8-4032-AA09-C9DD9359F8E3}.Debug|ARM.ActiveCfg = Debug|Any CPU
		{4F646EB8-D5D8-4032-AA09-C9DD9359F8E3}.Debug|ARM.Build.0 = Debug|Any CPU
		{4F646EB8-D5D8-4032-AA09-C9DD9359F8E3}.Debug|ARM.Deploy.0 = Debug|Any CPU
		{4F646EB8-D5D8-4032-AA09-C9DD9359F8E3}.Debug|iPhone.ActiveCfg = Debug|Any CPU
		{4F646EB8-D5D8-4032-AA09-C9DD9359F8E3}.Debug|iPhone.Build.0 = Debug|Any CPU
		{4F646EB8-D5D8-4032-AA09-C9DD9359F8E3}.Debug|iPhone.Deploy.0 = Debug|Any CPU
		{4F646EB8-D5D8-4032-AA09-C9DD9359F8E3}.Debug|iPhoneSimulator.ActiveCfg = Debug|Any CPU
		{4F646EB8-D5D8-4032-AA09-C9DD9359F8E3}.Debug|iPhoneSimulator.Build.0 = Debug|Any CPU
		{4F646EB8-D5D8-4032-AA09-C9DD9359F8E3}.Debug|iPhoneSimulator.Deploy.0 = Debug|Any CPU
		{4F646EB8-D5D8-4032-AA09-C9DD9359F8E3}.Debug|x64.ActiveCfg = Debug|Any CPU
		{4F646EB8-D5D8-4032-AA09-C9DD9359F8E3}.Debug|x64.Build.0 = Debug|Any CPU
		{4F646EB8-D5D8-4032-AA09-C9DD9359F8E3}.Debug|x64.Deploy.0 = Debug|Any CPU
		{4F646EB8-D5D8-4032-AA09-C9DD9359F8E3}.Debug|x86.ActiveCfg = Debug|Any CPU
		{4F646EB8-D5D8-4032-AA09-C9DD9359F8E3}.Debug|x86.Build.0 = Debug|Any CPU
		{4F646EB8-D5D8-4032-AA09-C9DD9359F8E3}.Debug|x86.Deploy.0 = Debug|Any CPU
		{4F646EB8-D5D8-4032-AA09-C9DD9359F8E3}.Release|Any CPU.ActiveCfg = Release|Any CPU
		{4F646EB8-D5D8-4032-AA09-C9DD9359F8E3}.Release|Any CPU.Build.0 = Release|Any CPU
		{4F646EB8-D5D8-4032-AA09-C9DD9359F8E3}.Release|Any CPU.Deploy.0 = Release|Any CPU
		{4F646EB8-D5D8-4032-AA09-C9DD9359F8E3}.Release|ARM.ActiveCfg = Release|Any CPU
		{4F646EB8-D5D8-4032-AA09-C9DD9359F8E3}.Release|ARM.Build.0 = Release|Any CPU
		{4F646EB8-D5D8-4032-AA09-C9DD9359F8E3}.Release|ARM.Deploy.0 = Release|Any CPU
		{4F646EB8-D5D8-4032-AA09-C9DD9359F8E3}.Release|iPhone.ActiveCfg = Release|Any CPU
		{4F646EB8-D5D8-4032-AA09-C9DD9359F8E3}.Release|iPhone.Build.0 = Release|Any CPU
		{4F646EB8-D5D8-4032-AA09-C9DD9359F8E3}.Release|iPhone.Deploy.0 = Release|Any CPU
		{4F646EB8-D5D8-4032-AA09-C9DD9359F8E3}.Release|iPhoneSimulator.ActiveCfg = Release|Any CPU
		{4F646EB8-D5D8-4032-AA09-C9DD9359F8E3}.Release|iPhoneSimulator.Build.0 = Release|Any CPU
		{4F646EB8-D5D8-4032-AA09-C9DD9359F8E3}.Release|iPhoneSimulator.Deploy.0 = Release|Any CPU
		{4F646EB8-D5D8-4032-AA09-C9DD9359F8E3}.Release|x64.ActiveCfg = Release|Any CPU
		{4F646EB8-D5D8-4032-AA09-C9DD9359F8E3}.Release|x64.Build.0 = Release|Any CPU
		{4F646EB8-D5D8-4032-AA09-C9DD9359F8E3}.Release|x64.Deploy.0 = Release|Any CPU
		{4F646EB8-D5D8-4032-AA09-C9DD9359F8E3}.Release|x86.ActiveCfg = Release|Any CPU
		{4F646EB8-D5D8-4032-AA09-C9DD9359F8E3}.Release|x86.Build.0 = Release|Any CPU
		{4F646EB8-D5D8-4032-AA09-C9DD9359F8E3}.Release|x86.Deploy.0 = Release|Any CPU
		{BC083F39-02BB-4D3C-8275-609D326A48E2}.Debug|Any CPU.ActiveCfg = Debug|iPhoneSimulator
		{BC083F39-02BB-4D3C-8275-609D326A48E2}.Debug|Any CPU.Build.0 = Debug|iPhoneSimulator
		{BC083F39-02BB-4D3C-8275-609D326A48E2}.Debug|Any CPU.Deploy.0 = Debug|iPhoneSimulator
		{BC083F39-02BB-4D3C-8275-609D326A48E2}.Debug|ARM.ActiveCfg = Debug|iPhone
		{BC083F39-02BB-4D3C-8275-609D326A48E2}.Debug|ARM.Build.0 = Debug|iPhone
		{BC083F39-02BB-4D3C-8275-609D326A48E2}.Debug|ARM.Deploy.0 = Debug|iPhone
		{BC083F39-02BB-4D3C-8275-609D326A48E2}.Debug|iPhone.ActiveCfg = Debug|iPhone
		{BC083F39-02BB-4D3C-8275-609D326A48E2}.Debug|iPhone.Build.0 = Debug|iPhone
		{BC083F39-02BB-4D3C-8275-609D326A48E2}.Debug|iPhone.Deploy.0 = Debug|iPhone
		{BC083F39-02BB-4D3C-8275-609D326A48E2}.Debug|iPhoneSimulator.ActiveCfg = Debug|iPhoneSimulator
		{BC083F39-02BB-4D3C-8275-609D326A48E2}.Debug|iPhoneSimulator.Build.0 = Debug|iPhoneSimulator
		{BC083F39-02BB-4D3C-8275-609D326A48E2}.Debug|iPhoneSimulator.Deploy.0 = Debug|iPhoneSimulator
		{BC083F39-02BB-4D3C-8275-609D326A48E2}.Debug|x64.ActiveCfg = Debug|iPhoneSimulator
		{BC083F39-02BB-4D3C-8275-609D326A48E2}.Debug|x64.Build.0 = Debug|iPhoneSimulator
		{BC083F39-02BB-4D3C-8275-609D326A48E2}.Debug|x64.Deploy.0 = Debug|iPhoneSimulator
		{BC083F39-02BB-4D3C-8275-609D326A48E2}.Debug|x86.ActiveCfg = Debug|iPhoneSimulator
		{BC083F39-02BB-4D3C-8275-609D326A48E2}.Debug|x86.Build.0 = Debug|iPhoneSimulator
		{BC083F39-02BB-4D3C-8275-609D326A48E2}.Debug|x86.Deploy.0 = Debug|iPhoneSimulator
		{BC083F39-02BB-4D3C-8275-609D326A48E2}.Release|Any CPU.ActiveCfg = Release|iPhoneSimulator
		{BC083F39-02BB-4D3C-8275-609D326A48E2}.Release|Any CPU.Build.0 = Release|iPhoneSimulator
		{BC083F39-02BB-4D3C-8275-609D326A48E2}.Release|Any CPU.Deploy.0 = Release|iPhoneSimulator
		{BC083F39-02BB-4D3C-8275-609D326A48E2}.Release|ARM.ActiveCfg = Release|iPhoneSimulator
		{BC083F39-02BB-4D3C-8275-609D326A48E2}.Release|ARM.Build.0 = Release|iPhoneSimulator
		{BC083F39-02BB-4D3C-8275-609D326A48E2}.Release|ARM.Deploy.0 = Release|iPhoneSimulator
		{BC083F39-02BB-4D3C-8275-609D326A48E2}.Release|iPhone.ActiveCfg = Release|iPhone
		{BC083F39-02BB-4D3C-8275-609D326A48E2}.Release|iPhone.Build.0 = Release|iPhone
		{BC083F39-02BB-4D3C-8275-609D326A48E2}.Release|iPhone.Deploy.0 = Release|iPhone
		{BC083F39-02BB-4D3C-8275-609D326A48E2}.Release|iPhoneSimulator.ActiveCfg = Release|iPhoneSimulator
		{BC083F39-02BB-4D3C-8275-609D326A48E2}.Release|iPhoneSimulator.Build.0 = Release|iPhoneSimulator
		{BC083F39-02BB-4D3C-8275-609D326A48E2}.Release|iPhoneSimulator.Deploy.0 = Release|iPhoneSimulator
		{BC083F39-02BB-4D3C-8275-609D326A48E2}.Release|x64.ActiveCfg = Release|iPhoneSimulator
		{BC083F39-02BB-4D3C-8275-609D326A48E2}.Release|x64.Build.0 = Release|iPhoneSimulator
		{BC083F39-02BB-4D3C-8275-609D326A48E2}.Release|x64.Deploy.0 = Release|iPhoneSimulator
		{BC083F39-02BB-4D3C-8275-609D326A48E2}.Release|x86.ActiveCfg = Release|iPhoneSimulator
		{BC083F39-02BB-4D3C-8275-609D326A48E2}.Release|x86.Build.0 = Release|iPhoneSimulator
		{BC083F39-02BB-4D3C-8275-609D326A48E2}.Release|x86.Deploy.0 = Release|iPhoneSimulator
		{10EAF02F-B254-4E5A-AEB1-190E2CD9922A}.Debug|Any CPU.ActiveCfg = Debug|Any CPU
		{10EAF02F-B254-4E5A-AEB1-190E2CD9922A}.Debug|Any CPU.Build.0 = Debug|Any CPU
		{10EAF02F-B254-4E5A-AEB1-190E2CD9922A}.Debug|Any CPU.Deploy.0 = Debug|Any CPU
		{10EAF02F-B254-4E5A-AEB1-190E2CD9922A}.Debug|ARM.ActiveCfg = Debug|Any CPU
		{10EAF02F-B254-4E5A-AEB1-190E2CD9922A}.Debug|ARM.Build.0 = Debug|Any CPU
		{10EAF02F-B254-4E5A-AEB1-190E2CD9922A}.Debug|ARM.Deploy.0 = Debug|Any CPU
		{10EAF02F-B254-4E5A-AEB1-190E2CD9922A}.Debug|iPhone.ActiveCfg = Debug|Any CPU
		{10EAF02F-B254-4E5A-AEB1-190E2CD9922A}.Debug|iPhone.Build.0 = Debug|Any CPU
		{10EAF02F-B254-4E5A-AEB1-190E2CD9922A}.Debug|iPhone.Deploy.0 = Debug|Any CPU
		{10EAF02F-B254-4E5A-AEB1-190E2CD9922A}.Debug|iPhoneSimulator.ActiveCfg = Debug|Any CPU
		{10EAF02F-B254-4E5A-AEB1-190E2CD9922A}.Debug|iPhoneSimulator.Build.0 = Debug|Any CPU
		{10EAF02F-B254-4E5A-AEB1-190E2CD9922A}.Debug|iPhoneSimulator.Deploy.0 = Debug|Any CPU
		{10EAF02F-B254-4E5A-AEB1-190E2CD9922A}.Debug|x64.ActiveCfg = Debug|Any CPU
		{10EAF02F-B254-4E5A-AEB1-190E2CD9922A}.Debug|x64.Build.0 = Debug|Any CPU
		{10EAF02F-B254-4E5A-AEB1-190E2CD9922A}.Debug|x64.Deploy.0 = Debug|Any CPU
		{10EAF02F-B254-4E5A-AEB1-190E2CD9922A}.Debug|x86.ActiveCfg = Debug|Any CPU
		{10EAF02F-B254-4E5A-AEB1-190E2CD9922A}.Debug|x86.Build.0 = Debug|Any CPU
		{10EAF02F-B254-4E5A-AEB1-190E2CD9922A}.Debug|x86.Deploy.0 = Debug|Any CPU
		{10EAF02F-B254-4E5A-AEB1-190E2CD9922A}.Release|Any CPU.ActiveCfg = Release|Any CPU
		{10EAF02F-B254-4E5A-AEB1-190E2CD9922A}.Release|Any CPU.Build.0 = Release|Any CPU
		{10EAF02F-B254-4E5A-AEB1-190E2CD9922A}.Release|Any CPU.Deploy.0 = Release|Any CPU
		{10EAF02F-B254-4E5A-AEB1-190E2CD9922A}.Release|ARM.ActiveCfg = Release|Any CPU
		{10EAF02F-B254-4E5A-AEB1-190E2CD9922A}.Release|ARM.Build.0 = Release|Any CPU
		{10EAF02F-B254-4E5A-AEB1-190E2CD9922A}.Release|ARM.Deploy.0 = Release|Any CPU
		{10EAF02F-B254-4E5A-AEB1-190E2CD9922A}.Release|iPhone.ActiveCfg = Release|Any CPU
		{10EAF02F-B254-4E5A-AEB1-190E2CD9922A}.Release|iPhone.Build.0 = Release|Any CPU
		{10EAF02F-B254-4E5A-AEB1-190E2CD9922A}.Release|iPhone.Deploy.0 = Release|Any CPU
		{10EAF02F-B254-4E5A-AEB1-190E2CD9922A}.Release|iPhoneSimulator.ActiveCfg = Release|Any CPU
		{10EAF02F-B254-4E5A-AEB1-190E2CD9922A}.Release|iPhoneSimulator.Build.0 = Release|Any CPU
		{10EAF02F-B254-4E5A-AEB1-190E2CD9922A}.Release|iPhoneSimulator.Deploy.0 = Release|Any CPU
		{10EAF02F-B254-4E5A-AEB1-190E2CD9922A}.Release|x64.ActiveCfg = Release|Any CPU
		{10EAF02F-B254-4E5A-AEB1-190E2CD9922A}.Release|x64.Build.0 = Release|Any CPU
		{10EAF02F-B254-4E5A-AEB1-190E2CD9922A}.Release|x64.Deploy.0 = Release|Any CPU
		{10EAF02F-B254-4E5A-AEB1-190E2CD9922A}.Release|x86.ActiveCfg = Release|Any CPU
		{10EAF02F-B254-4E5A-AEB1-190E2CD9922A}.Release|x86.Build.0 = Release|Any CPU
		{10EAF02F-B254-4E5A-AEB1-190E2CD9922A}.Release|x86.Deploy.0 = Release|Any CPU
	EndGlobalSection
	GlobalSection(SolutionProperties) = preSolution
		HideSolutionNode = FALSE
	EndGlobalSection
	GlobalSection(ExtensibilityGlobals) = postSolution
		SolutionGuid = {F9F56490-F34B-490D-9939-80485ED9A0A9}
	EndGlobalSection
EndGlobal
